
Microsoft Visual Studio Solution File, Format Version 12.00
# Visual Studio Version 17
VisualStudioVersion = 17.7.34024.191
MinimumVisualStudioVersion = 10.0.40219.1
Project("{FAE04EC0-301F-11D3-BF4B-00C04F79EFBC}") = "SqlGuiApplication", "SqlGuiApplication.csproj", "{6D3D46E9-C4A7-4107-8474-20E9202478F8}"
EndProject
Project("{FAE04EC0-301F-11D3-BF4B-00C04F79EFBC}") = "SQLApplication", "..\SQLApplicaiton\SQLApplication.csproj", "{984F906A-0C46-423D-ABC3-71A0FA20ED9C}"
EndProject
Global
	GlobalSection(SolutionConfigurationPlatforms) = preSolution
		Debug|Any CPU = Debug|Any CPU
		Release|Any CPU = Release|Any CPU
	EndGlobalSection
	GlobalSection(ProjectConfigurationPlatforms) = postSolution
		{6D3D46E9-C4A7-4107-8474-20E9202478F8}.Debug|Any CPU.ActiveCfg = Debug|Any CPU
		{6D3D46E9-C4A7-4107-8474-20E9202478F8}.Debug|Any CPU.Build.0 = Debug|Any CPU
		{6D3D46E9-C4A7-4107-8474-20E9202478F8}.Release|Any CPU.ActiveCfg = Release|Any CPU
		{6D3D46E9-C4A7-4107-8474-20E9202478F8}.Release|Any CPU.Build.0 = Release|Any CPU
		{984F906A-0C46-423D-ABC3-71A0FA20ED9C}.Debug|Any CPU.ActiveCfg = Debug|Any CPU
		{984F906A-0C46-423D-ABC3-71A0FA20ED9C}.Debug|Any CPU.Build.0 = Debug|Any CPU
		{984F906A-0C46-423D-ABC3-71A0FA20ED9C}.Release|Any CPU.ActiveCfg = Release|Any CPU
		{984F906A-0C46-423D-ABC3-71A0FA20ED9C}.Release|Any CPU.Build.0 = Release|Any CPU
	EndGlobalSection
	GlobalSection(SolutionProperties) = preSolution
		HideSolutionNode = FALSE
	EndGlobalSection
	GlobalSection(ExtensibilityGlobals) = postSolution
		SolutionGuid = {E8547DDC-CE2C-414A-9586-A29B93B5096D}
	EndGlobalSection
EndGlobal
